// !$*UTF8*$!
{
	archiveVersion = 1;
	classes = {
	};
	objectVersion = 46;
	objects = {

/* Begin PBXBuildFile section */
		583585041D219795006D407A /* AppDelegate.swift in Sources */ = {isa = PBXBuildFile; fileRef = 583585031D219795006D407A /* AppDelegate.swift */; };
		583585061D219795006D407A /* ViewController.swift in Sources */ = {isa = PBXBuildFile; fileRef = 583585051D219795006D407A /* ViewController.swift */; };
		583585091D219795006D407A /* Main.storyboard in Resources */ = {isa = PBXBuildFile; fileRef = 583585071D219795006D407A /* Main.storyboard */; };
		5835850B1D219795006D407A /* Assets.xcassets in Resources */ = {isa = PBXBuildFile; fileRef = 5835850A1D219795006D407A /* Assets.xcassets */; };
		5835850E1D219795006D407A /* LaunchScreen.storyboard in Resources */ = {isa = PBXBuildFile; fileRef = 5835850C1D219795006D407A /* LaunchScreen.storyboard */; };
/* End PBXBuildFile section */

/* Begin PBXFileReference section */
		583585001D219795006D407A /* XMLAppstore.app */ = {isa = PBXFileReference; explicitFileType = wrapper.application; includeInIndex = 0; path = XMLAppstore.app; sourceTree = BUILT_PRODUCTS_DIR; };
		583585031D219795006D407A /* AppDelegate.swift */ = {isa = PBXFileReference; lastKnownFileType = sourcecode.swift; path = AppDelegate.swift; sourceTree = "<group>"; };
		583585051D219795006D407A /* ViewController.swift */ = {isa = PBXFileReference; lastKnownFileType = sourcecode.swift; path = ViewController.swift; sourceTree = "<group>"; };
		583585081D219795006D407A /* Base */ = {isa = PBXFileReference; lastKnownFileType = file.storyboard; name = Base; path = Base.lproj/Main.storyboard; sourceTree = "<group>"; };
		5835850A1D219795006D407A /* Assets.xcassets */ = {isa = PBXFileReference; lastKnownFileType = folder.assetcatalog; path = Assets.xcassets; sourceTree = "<group>"; };
		5835850D1D219795006D407A /* Base */ = {isa = PBXFileReference; lastKnownFileType = file.storyboard; name = Base; path = Base.lproj/LaunchScreen.storyboard; sourceTree = "<group>"; };
		5835850F1D219795006D407A /* Info.plist */ = {isa = PBXFileReference; lastKnownFileType = text.plist.xml; path = Info.plist; sourceTree = "<group>"; };
/* End PBXFileReference section */

/* Begin PBXFrameworksBuildPhase section */
		583584FD1D219795006D407A /* Frameworks */ = {
			isa = PBXFrameworksBuildPhase;
			buildActionMask = 2147483647;
			files = (
			);
			runOnlyForDeploymentPostprocessing = 0;
		};
/* End PBXFrameworksBuildPhase section */

/* Begin PBXGroup section */
		583584F71D219795006D407A = {
			isa = PBXGroup;
			children = (
				583585021D219795006D407A /* XMLAppstore */,
				583585011D219795006D407A /* Products */,
			);
			sourceTree = "<group>";
		};
		583585011D219795006D407A /* Products */ = {
			isa = PBXGroup;
			children = (
				583585001D219795006D407A /* XMLAppstore.app */,
			);
			name = Products;
			sourceTree = "<group>";
		};
		583585021D219795006D407A /* XMLAppstore */ = {
			isa = PBXGroup;
			children = (
				583585031D219795006D407A /* AppDelegate.swift */,
				583585051D219795006D407A /* ViewController.swift */,
				583585071D219795006D407A /* Main.storyboard */,
				5835850A1D219795006D407A /* Assets.xcassets */,
				5835850C1D219795006D407A /* LaunchScreen.storyboard */,
				5835850F1D219795006D407A /* Info.plist */,
			);
			path = XMLAppstore;
			sourceTree = "<group>";
		};
/* End PBXGroup section */

/* Begin PBXNativeTarget section */
		583584FF1D219795006D407A /* XMLAppstore */ = {
			isa = PBXNativeTarget;
			buildConfigurationList = 583585121D219795006D407A /* Build configuration list for PBXNativeTarget "XMLAppstore" */;
			buildPhases = (
				583584FC1D219795006D407A /* Sources */,
				583584FD1D219795006D407A /* Frameworks */,
				583584FE1D219795006D407A /* Resources */,
			);
			buildRules = (
			);
			dependencies = (
			);
			name = XMLAppstore;
			productName = XMLAppstore;
			productReference = 583585001D219795006D407A /* XMLAppstore.app */;
			productType = "com.apple.product-type.application";
		};
/* End PBXNativeTarget section */

/* Begin PBXProject section */
		583584F81D219795006D407A /* Project object */ = {
			isa = PBXProject;
			attributes = {
				LastSwiftUpdateCheck = 0730;
				LastUpgradeCheck = 0730;
				ORGANIZATIONNAME = CodeWithJalloh;
				TargetAttributes = {
					583584FF1D219795006D407A = {
						CreatedOnToolsVersion = 7.3;
					};
				};
			};
			buildConfigurationList = 583584FB1D219795006D407A /* Build configuration list for PBXProject "XMLAppstore" */;
			compatibilityVersion = "Xcode 3.2";
			developmentRegion = English;
			hasScannedForEncodings = 0;
			knownRegions = (
				en,
				Base,
			);
			mainGroup = 583584F71D219795006D407A;
			productRefGroup = 583585011D219795006D407A /* Products */;
			projectDirPath = "";
			projectRoot = "";
			targets = (
				583584FF1D219795006D407A /* XMLAppstore */,
			);
		};
/* End PBXProject section */

/* Begin PBXResourcesBuildPhase section */
		583584FE1D219795006D407A /* Resources */ = {
			isa = PBXResourcesBuildPhase;
			buildActionMask = 2147483647;
			files = (
				5835850E1D219795006D407A /* LaunchScreen.storyboard in Resources */,
				5835850B1D219795006D407A /* Assets.xcassets in Resources */,
				583585091D219795006D407A /* Main.storyboard in Resources */,
			);
			runOnlyForDeploymentPostprocessing = 0;
		};
/* End PBXResourcesBuildPhase section */

/* Begin PBXSourcesBuildPhase section */
		583584FC1D219795006D407A /* Sources */ = {
			isa = PBXSourcesBuildPhase;
			buildActionMask = 2147483647;
			files = (
				583585061D219795006D407A /* ViewController.swift in Sources */,
				583585041D219795006D407A /* AppDelegate.swift in Sources */,
			);
			runOnlyForDeploymentPostprocessing = 0;
		};
/* End PBXSourcesBuildPhase section */

/* Begin PBXVariantGroup section */
		583585071D219795006D407A /* Main.storyboard */ = {
			isa = PBXVariantGroup;
			children = (
				583585081D219795006D407A /* Base */,
			);
			name = Main.storyboard;
			sourceTree = "<group>";
		};
		5835850C1D219795006D407A /* LaunchScreen.storyboard */ = {
			isa = PBXVariantGroup;
			children = (
				5835850D1D219795006D407A /* Base */,
			);
			name = LaunchScreen.storyboard;
			sourceTree = "<group>";
		};
/* End PBXVariantGroup section */

/* Begin XCBuildConfiguration section */
		583585101D219795006D407A /* Debug */ = {
			isa = XCBuildConfiguration;
			buildSettings = {
				ALWAYS_SEARCH_USER_PATHS = NO;
				CLANG_ANALYZER_NONNULL = YES;
				CLANG_CXX_LANGUAGE_STANDARD = "gnu++0x";
				CLANG_CXX_LIBRARY = "libc++";
				CLANG_ENABLE_MODULES = YES;
				CLANG_ENABLE_OBJC_ARC = YES;
				CLANG_WARN_BOOL_CONVERSION = YES;
				CLANG_WARN_CONSTANT_CONVERSION = YES;
				CLANG_WARN_DIRECT_OBJC_ISA_USAGE = YES_ERROR;
				CLANG_WARN_EMPTY_BODY = YES;
				CLANG_WARN_ENUM_CONVERSION = YES;
				CLANG_WARN_INT_CONVERSION = YES;
				CLANG_WARN_OBJC_ROOT_CLASS = YES_ERROR;
				CLANG_WARN_UNREACHABLE_CODE = YES;
				CLANG_WARN__DUPLICATE_METHOD_MATCH = YES;
				"CODE_SIGN_IDENTITY[sdk=iphoneos*]" = "iPhone Developer";
				COPY_PHASE_STRIP = NO;
				DEBUG_INFORMATION_FORMAT = dwarf;
				ENABLE_STRICT_OBJC_MSGSEND = YES;
				ENABLE_TESTABILITY = YES;
				GCC_C_LANGUAGE_STANDARD = gnu99;
				GCC_DYNAMIC_NO_PIC = NO;
				GCC_NO_COMMON_BLOCKS = YES;
				GCC_OPTIMIZATION_LEVEL = 0;
				GCC_PREPROCESSOR_DEFINITIONS = (
					"DEBUG=1",
					"$(inherited)",
				);
				GCC_WARN_64_TO_32_BIT_CONVERSION = YES;
				GCC_WARN_ABOUT_RETURN_TYPE = YES_ERROR;
				GCC_WARN_UNDECLARED_SELECTOR = YES;
				GCC_WARN_UNINITIALIZED_AUTOS = YES_AGGRESSIVE;
				GCC_WARN_UNUSED_FUNCTION = YES;
				GCC_WARN_UNUSED_VARIABLE = YES;
				IPHONEOS_DEPLOYMENT_TARGET = 9.3;
				MTL_ENABLE_DEBUG_INFO = YES;
				ONLY_ACTIVE_ARCH = YES;
				SDKROOT = iphoneos;
				SWIFT_OPTIMIZATION_LEVEL = "-Onone";
			};
			name = Debug;
		};
		583585111D219795006D407A /* Release */ = {
			isa = XCBuildConfiguration;
			buildSettings = {
				ALWAYS_SEARCH_USER_PATHS = NO;
				CLANG_ANALYZER_NONNULL = YES;
				CLANG_CXX_LANGUAGE_STANDARD = "gnu++0x";
				CLANG_CXX_LIBRARY = "libc++";
				CLANG_ENABLE_MODULES = YES;
				CLANG_ENABLE_OBJC_ARC = YES;
				CLANG_WARN_BOOL_CONVERSION = YES;
				CLANG_WARN_CONSTANT_CONVERSION = YES;
				CLANG_WARN_DIRECT_OBJC_ISA_USAGE = YES_ERROR;
				CLANG_WARN_EMPTY_BODY = YES;
				CLANG_WARN_ENUM_CONVERSION = YES;
				CLANG_WARN_INT_CONVERSION = YES;
				CLANG_WARN_OBJC_ROOT_CLASS = YES_ERROR;
				CLANG_WARN_UNREACHABLE_CODE = YES;
				CLANG_WARN__DUPLICATE_METHOD_MATCH = YES;
				"CODE_SIGN_IDENTITY[sdk=iphoneos*]" = "iPhone Developer";
				COPY_PHASE_STRIP = NO;
				DEBUG_INFORMATION_FORMAT = "dwarf-with-dsym";
				ENABLE_NS_ASSERTIONS = NO;
				ENABLE_STRICT_OBJC_MSGSEND = YES;
				GCC_C_LANGUAGE_STANDARD = gnu99;
				GCC_NO_COMMON_BLOCKS = YES;
				GCC_WARN_64_TO_32_BIT_CONVERSION = YES;
				GCC_WARN_ABOUT_RETURN_TYPE = YES_ERROR;
				GCC_WARN_UNDECLARED_SELECTOR = YES;
				GCC_WARN_UNINITIALIZED_AUTOS = YES_AGGRESSIVE;
				GCC_WARN_UNUSED_FUNCTION = YES;
				GCC_WARN_UNUSED_VARIABLE = YES;
				IPHONEOS_DEPLOYMENT_TARGET = 9.3;
				MTL_ENABLE_DEBUG_INFO = NO;
				SDKROOT = iphoneos;
				VALIDATE_PRODUCT = YES;
			};
			name = Release;
		};
		583585131D219795006D407A /* Debug */ = {
			isa = XCBuildConfiguration;
			buildSettings = {
				ASSETCATALOG_COMPILER_APPICON_NAME = AppIcon;
				INFOPLIST_FILE = XMLAppstore/Info.plist;
				LD_RUNPATH_SEARCH_PATHS = "$(inherited) @executable_path/Frameworks";
				PRODUCT_BUNDLE_IDENTIFIER = com.codewithjallohDev.XMLAppstore;
				PRODUCT_NAME = "$(TARGET_NAME)";
			};
			name = Debug;
		};
		583585141D219795006D407A /* Release */ = {
			isa = XCBuildConfiguration;
			buildSettings = {
				ASSETCATALOG_COMPILER_APPICON_NAME = AppIcon;
				INFOPLIST_FILE = XMLAppstore/Info.plist;
				LD_RUNPATH_SEARCH_PATHS = "$(inherited) @executable_path/Frameworks";
				PRODUCT_BUNDLE_IDENTIFIER = com.codewithjallohDev.XMLAppstore;
				PRODUCT_NAME = "$(TARGET_NAME)";
			};
			name = Release;
		};
/* End XCBuildConfiguration section */

/* Begin XCConfigurationList section */
		583584FB1D219795006D407A /* Build configuration list for PBXProject "XMLAppstore" */ = {
			isa = XCConfigurationList;
			buildConfigurations = (
				583585101D219795006D407A /* Debug */,
				583585111D219795006D407A /* Release */,
			);
			defaultConfigurationIsVisible = 0;
			defaultConfigurationName = Release;
		};
		583585121D219795006D407A /* Build configuration list for PBXNativeTarget "XMLAppstore" */ = {
			isa = XCConfigurationList;
			buildConfigurations = (
				583585131D219795006D407A /* Debug */,
				583585141D219795006D407A /* Release */,
			);
			defaultConfigurationIsVisible = 0;
		};
/* End XCConfigurationList section */
	};
	rootObject = 583584F81D219795006D407A /* Project object */;
}
